
Microsoft Visual Studio Solution File, Format Version 12.00
# Visual Studio 14
VisualStudioVersion = 14.0.22823.1
MinimumVisualStudioVersion = 10.0.40219.1
Project("{2150E333-8FDC-42A3-9474-1A3956D46DE8}") = "src", "src", "{326128F9-1BAC-4DD9-BB5B-C562750A5258}"
EndProject
Project("{2150E333-8FDC-42A3-9474-1A3956D46DE8}") = "Solution Items", "Solution Items", "{5927780A-EBB6-44D8-9F1F-1D0ECE065C6F}"
	ProjectSection(SolutionItems) = preProject
		global.json = global.json
	EndProjectSection
EndProject
Project("{8BB2217D-0F2D-49D1-97BC-3654ED321F3B}") = "WebApiVNext", "src\WebApiVNext\WebApiVNext.xproj", "{8698FF2B-DA4B-4992-8110-E23796E6ECF6}"
EndProject
Global
	GlobalSection(SolutionConfigurationPlatforms) = preSolution
		Debug|Any CPU = Debug|Any CPU
		Release|Any CPU = Release|Any CPU
	EndGlobalSection
	GlobalSection(ProjectConfigurationPlatforms) = postSolution
		{8698FF2B-DA4B-4992-8110-E23796E6ECF6}.Debug|Any CPU.ActiveCfg = Debug|Any CPU
		{8698FF2B-DA4B-4992-8110-E23796E6ECF6}.Debug|Any CPU.Build.0 = Debug|Any CPU
		{8698FF2B-DA4B-4992-8110-E23796E6ECF6}.Release|Any CPU.ActiveCfg = Release|Any CPU
		{8698FF2B-DA4B-4992-8110-E23796E6ECF6}.Release|Any CPU.Build.0 = Release|Any CPU
	EndGlobalSection
	GlobalSection(SolutionProperties) = preSolution
		HideSolutionNode = FALSE
	EndGlobalSection
	GlobalSection(NestedProjects) = preSolution
		{8698FF2B-DA4B-4992-8110-E23796E6ECF6} = {326128F9-1BAC-4DD9-BB5B-C562750A5258}
	EndGlobalSection
EndGlobal
