
Microsoft Visual Studio Solution File, Format Version 12.00
# Visual Studio 2013
VisualStudioVersion = 12.0.31101.0
MinimumVisualStudioVersion = 10.0.40219.1
Project("{FAE04EC0-301F-11D3-BF4B-00C04F79EFBC}") = "CodeFirstWebApp", "CodeFirstWebApp\CodeFirstWebApp.csproj", "{ABC54B52-A6A1-46BF-912D-CAF29A85A9C9}"
EndProject
Project("{FAE04EC0-301F-11D3-BF4B-00C04F79EFBC}") = "DomainClasses", "DomainClasses\DomainClasses.csproj", "{D2385F99-4D8D-43CA-9E86-576DE22021CB}"
EndProject
Global
	GlobalSection(SolutionConfigurationPlatforms) = preSolution
		Debug|Any CPU = Debug|Any CPU
		Release|Any CPU = Release|Any CPU
	EndGlobalSection
	GlobalSection(ProjectConfigurationPlatforms) = postSolution
		{ABC54B52-A6A1-46BF-912D-CAF29A85A9C9}.Debug|Any CPU.ActiveCfg = Debug|Any CPU
		{ABC54B52-A6A1-46BF-912D-CAF29A85A9C9}.Debug|Any CPU.Build.0 = Debug|Any CPU
		{ABC54B52-A6A1-46BF-912D-CAF29A85A9C9}.Release|Any CPU.ActiveCfg = Release|Any CPU
		{ABC54B52-A6A1-46BF-912D-CAF29A85A9C9}.Release|Any CPU.Build.0 = Release|Any CPU
		{D2385F99-4D8D-43CA-9E86-576DE22021CB}.Debug|Any CPU.ActiveCfg = Debug|Any CPU
		{D2385F99-4D8D-43CA-9E86-576DE22021CB}.Debug|Any CPU.Build.0 = Debug|Any CPU
		{D2385F99-4D8D-43CA-9E86-576DE22021CB}.Release|Any CPU.ActiveCfg = Release|Any CPU
		{D2385F99-4D8D-43CA-9E86-576DE22021CB}.Release|Any CPU.Build.0 = Release|Any CPU
	EndGlobalSection
	GlobalSection(SolutionProperties) = preSolution
		HideSolutionNode = FALSE
	EndGlobalSection
EndGlobal
